
Microsoft Visual Studio Solution File, Format Version 12.00
# Visual Studio Version 17
VisualStudioVersion = 17.5.002.0
MinimumVisualStudioVersion = 10.0.40219.1
Project("{2150E333-8FDC-42A3-9474-1A3956D46DE8}") = "csharp-prep", "csharp-prep", "{905E0F02-A2CC-4153-8C8E-2A206303BEF4}"
EndProject
Project("{9A19103F-16F7-4668-BE54-9A1E7A4F7556}") = "Prep1", "csharp-prep\Prep1\Prep1.csproj", "{F904C271-D8DC-46B5-9923-EF18D5D0538E}"
EndProject
Project("{9A19103F-16F7-4668-BE54-9A1E7A4F7556}") = "Prep2", "csharp-prep\Prep2\Prep2.csproj", "{95CBFF23-74C1-4010-9C59-57AAC5E0C5E7}"
EndProject
Project("{9A19103F-16F7-4668-BE54-9A1E7A4F7556}") = "Prep3", "csharp-prep\Prep3\Prep3.csproj", "{10D79A8A-0545-432A-9E06-3CCF2FDBCB4C}"
EndProject
Project("{9A19103F-16F7-4668-BE54-9A1E7A4F7556}") = "Prep4", "csharp-prep\Prep4\Prep4.csproj", "{7E4A0992-EDB9-4D00-9F25-78B4F1E8ADBB}"
EndProject
Project("{9A19103F-16F7-4668-BE54-9A1E7A4F7556}") = "Prep5", "csharp-prep\Prep5\Prep5.csproj", "{B05DDC8B-1705-4BDA-AB3D-D7EB1BF59F20}"
EndProject
Project("{2150E333-8FDC-42A3-9474-1A3956D46DE8}") = "final", "final", "{015887DE-7006-4211-900D-8DC88679D65F}"
EndProject
Project("{9A19103F-16F7-4668-BE54-9A1E7A4F7556}") = "FinalProject", "final\FinalProject\FinalProject.csproj", "{0118BF32-71AC-4701-B797-86F2C9ECA385}"
EndProject
Project("{9A19103F-16F7-4668-BE54-9A1E7A4F7556}") = "Foundation1", "final\Foundation1\Foundation1.csproj", "{C2CBBBB2-66B6-4D29-9C85-6B6A0A7CEAF0}"
EndProject
Project("{9A19103F-16F7-4668-BE54-9A1E7A4F7556}") = "Foundation2", "final\Foundation2\Foundation2.csproj", "{6249495D-5DB1-4D5D-85CA-A7F3BEB17721}"
EndProject
Project("{9A19103F-16F7-4668-BE54-9A1E7A4F7556}") = "Foundation3", "final\Foundation3\Foundation3.csproj", "{6DBED924-AD92-40DA-ABB4-97950A05A11C}"
EndProject
Project("{9A19103F-16F7-4668-BE54-9A1E7A4F7556}") = "Foundation4", "final\Foundation4\Foundation4.csproj", "{A2798F2D-1823-44AE-B01C-5711B6137A48}"
EndProject
Project("{2150E333-8FDC-42A3-9474-1A3956D46DE8}") = "prepare", "prepare", "{F65CDADE-AFF1-4BD4-B937-21726A54C4D1}"
EndProject
Project("{9A19103F-16F7-4668-BE54-9A1E7A4F7556}") = "Learning02", "prepare\Learning02\Learning02.csproj", "{7B2CA1A3-1380-4D87-9792-8BA5D7F3377C}"
EndProject
Project("{9A19103F-16F7-4668-BE54-9A1E7A4F7556}") = "Learning03", "prepare\Learning03\Learning03.csproj", "{DA337EA0-F747-4FF1-AA04-845AD99A3382}"
EndProject
Project("{9A19103F-16F7-4668-BE54-9A1E7A4F7556}") = "Learning04", "prepare\Learning04\Learning04.csproj", "{5E2715AB-57F1-450F-A65F-89C84FFB63A8}"
EndProject
Project("{9A19103F-16F7-4668-BE54-9A1E7A4F7556}") = "Learning05", "prepare\Learning05\Learning05.csproj", "{F1C3C5F9-88CB-4F25-ABAE-38509A9A72FB}"
EndProject
Project("{2150E333-8FDC-42A3-9474-1A3956D46DE8}") = "prove", "prove", "{3BD1B66A-E17D-4DD2-B8EC-AAC7121F7C6A}"
EndProject
Project("{9A19103F-16F7-4668-BE54-9A1E7A4F7556}") = "Develop02", "prove\Develop02\Develop02.csproj", "{BEDD6B71-3AA5-4586-94C6-E26610E96B5B}"
EndProject
Project("{9A19103F-16F7-4668-BE54-9A1E7A4F7556}") = "Develop03", "prove\Develop03\Develop03.csproj", "{4F2891ED-4540-4C0E-98F5-FB2EC1E426DC}"
EndProject
Project("{9A19103F-16F7-4668-BE54-9A1E7A4F7556}") = "Develop04", "prove\Develop04\Develop04.csproj", "{6E951DA6-2D7F-4776-B645-0B6C4A4170AA}"
EndProject
Project("{9A19103F-16F7-4668-BE54-9A1E7A4F7556}") = "Develop05", "prove\Develop05\Develop05.csproj", "{D4E3B33A-3820-4BF6-B164-D9A56D5F86D4}"
EndProject
Project("{2150E333-8FDC-42A3-9474-1A3956D46DE8}") = "sandbox", "sandbox", "{27F64BD3-51E0-4431-A0A3-B85E9F8BF819}"
EndProject
Project("{9A19103F-16F7-4668-BE54-9A1E7A4F7556}") = "Sandbox", "sandbox\Sandbox\Sandbox.csproj", "{1EB26C15-0654-405F-ACA3-DE47E8DDA0D4}"
EndProject
Global
	GlobalSection(SolutionConfigurationPlatforms) = preSolution
		Debug|Any CPU = Debug|Any CPU
		Release|Any CPU = Release|Any CPU
	EndGlobalSection
	GlobalSection(ProjectConfigurationPlatforms) = postSolution
		{F904C271-D8DC-46B5-9923-EF18D5D0538E}.Debug|Any CPU.ActiveCfg = Debug|Any CPU
		{F904C271-D8DC-46B5-9923-EF18D5D0538E}.Debug|Any CPU.Build.0 = Debug|Any CPU
		{F904C271-D8DC-46B5-9923-EF18D5D0538E}.Release|Any CPU.ActiveCfg = Release|Any CPU
		{F904C271-D8DC-46B5-9923-EF18D5D0538E}.Release|Any CPU.Build.0 = Release|Any CPU
		{95CBFF23-74C1-4010-9C59-57AAC5E0C5E7}.Debug|Any CPU.ActiveCfg = Debug|Any CPU
		{95CBFF23-74C1-4010-9C59-57AAC5E0C5E7}.Debug|Any CPU.Build.0 = Debug|Any CPU
		{95CBFF23-74C1-4010-9C59-57AAC5E0C5E7}.Release|Any CPU.ActiveCfg = Release|Any CPU
		{95CBFF23-74C1-4010-9C59-57AAC5E0C5E7}.Release|Any CPU.Build.0 = Release|Any CPU
		{10D79A8A-0545-432A-9E06-3CCF2FDBCB4C}.Debug|Any CPU.ActiveCfg = Debug|Any CPU
		{10D79A8A-0545-432A-9E06-3CCF2FDBCB4C}.Debug|Any CPU.Build.0 = Debug|Any CPU
		{10D79A8A-0545-432A-9E06-3CCF2FDBCB4C}.Release|Any CPU.ActiveCfg = Release|Any CPU
		{10D79A8A-0545-432A-9E06-3CCF2FDBCB4C}.Release|Any CPU.Build.0 = Release|Any CPU
		{7E4A0992-EDB9-4D00-9F25-78B4F1E8ADBB}.Debug|Any CPU.ActiveCfg = Debug|Any CPU
		{7E4A0992-EDB9-4D00-9F25-78B4F1E8ADBB}.Debug|Any CPU.Build.0 = Debug|Any CPU
		{7E4A0992-EDB9-4D00-9F25-78B4F1E8ADBB}.Release|Any CPU.ActiveCfg = Release|Any CPU
		{7E4A0992-EDB9-4D00-9F25-78B4F1E8ADBB}.Release|Any CPU.Build.0 = Release|Any CPU
		{B05DDC8B-1705-4BDA-AB3D-D7EB1BF59F20}.Debug|Any CPU.ActiveCfg = Debug|Any CPU
		{B05DDC8B-1705-4BDA-AB3D-D7EB1BF59F20}.Debug|Any CPU.Build.0 = Debug|Any CPU
		{B05DDC8B-1705-4BDA-AB3D-D7EB1BF59F20}.Release|Any CPU.ActiveCfg = Release|Any CPU
		{B05DDC8B-1705-4BDA-AB3D-D7EB1BF59F20}.Release|Any CPU.Build.0 = Release|Any CPU
		{0118BF32-71AC-4701-B797-86F2C9ECA385}.Debug|Any CPU.ActiveCfg = Debug|Any CPU
		{0118BF32-71AC-4701-B797-86F2C9ECA385}.Debug|Any CPU.Build.0 = Debug|Any CPU
		{0118BF32-71AC-4701-B797-86F2C9ECA385}.Release|Any CPU.ActiveCfg = Release|Any CPU
		{0118BF32-71AC-4701-B797-86F2C9ECA385}.Release|Any CPU.Build.0 = Release|Any CPU
		{C2CBBBB2-66B6-4D29-9C85-6B6A0A7CEAF0}.Debug|Any CPU.ActiveCfg = Debug|Any CPU
		{C2CBBBB2-66B6-4D29-9C85-6B6A0A7CEAF0}.Debug|Any CPU.Build.0 = Debug|Any CPU
		{C2CBBBB2-66B6-4D29-9C85-6B6A0A7CEAF0}.Release|Any CPU.ActiveCfg = Release|Any CPU
		{C2CBBBB2-66B6-4D29-9C85-6B6A0A7CEAF0}.Release|Any CPU.Build.0 = Release|Any CPU
		{6249495D-5DB1-4D5D-85CA-A7F3BEB17721}.Debug|Any CPU.ActiveCfg = Debug|Any CPU
		{6249495D-5DB1-4D5D-85CA-A7F3BEB17721}.Debug|Any CPU.Build.0 = Debug|Any CPU
		{6249495D-5DB1-4D5D-85CA-A7F3BEB17721}.Release|Any CPU.ActiveCfg = Release|Any CPU
		{6249495D-5DB1-4D5D-85CA-A7F3BEB17721}.Release|Any CPU.Build.0 = Release|Any CPU
		{6DBED924-AD92-40DA-ABB4-97950A05A11C}.Debug|Any CPU.ActiveCfg = Debug|Any CPU
		{6DBED924-AD92-40DA-ABB4-97950A05A11C}.Debug|Any CPU.Build.0 = Debug|Any CPU
		{6DBED924-AD92-40DA-ABB4-97950A05A11C}.Release|Any CPU.ActiveCfg = Release|Any CPU
		{6DBED924-AD92-40DA-ABB4-97950A05A11C}.Release|Any CPU.Build.0 = Release|Any CPU
		{A2798F2D-1823-44AE-B01C-5711B6137A48}.Debug|Any CPU.ActiveCfg = Debug|Any CPU
		{A2798F2D-1823-44AE-B01C-5711B6137A48}.Debug|Any CPU.Build.0 = Debug|Any CPU
		{A2798F2D-1823-44AE-B01C-5711B6137A48}.Release|Any CPU.ActiveCfg = Release|Any CPU
		{A2798F2D-1823-44AE-B01C-5711B6137A48}.Release|Any CPU.Build.0 = Release|Any CPU
		{7B2CA1A3-1380-4D87-9792-8BA5D7F3377C}.Debug|Any CPU.ActiveCfg = Debug|Any CPU
		{7B2CA1A3-1380-4D87-9792-8BA5D7F3377C}.Debug|Any CPU.Build.0 = Debug|Any CPU
		{7B2CA1A3-1380-4D87-9792-8BA5D7F3377C}.Release|Any CPU.ActiveCfg = Release|Any CPU
		{7B2CA1A3-1380-4D87-9792-8BA5D7F3377C}.Release|Any CPU.Build.0 = Release|Any CPU
		{DA337EA0-F747-4FF1-AA04-845AD99A3382}.Debug|Any CPU.ActiveCfg = Debug|Any CPU
		{DA337EA0-F747-4FF1-AA04-845AD99A3382}.Debug|Any CPU.Build.0 = Debug|Any CPU
		{DA337EA0-F747-4FF1-AA04-845AD99A3382}.Release|Any CPU.ActiveCfg = Release|Any CPU
		{DA337EA0-F747-4FF1-AA04-845AD99A3382}.Release|Any CPU.Build.0 = Release|Any CPU
		{5E2715AB-57F1-450F-A65F-89C84FFB63A8}.Debug|Any CPU.ActiveCfg = Debug|Any CPU
		{5E2715AB-57F1-450F-A65F-89C84FFB63A8}.Debug|Any CPU.Build.0 = Debug|Any CPU
		{5E2715AB-57F1-450F-A65F-89C84FFB63A8}.Release|Any CPU.ActiveCfg = Release|Any CPU
		{5E2715AB-57F1-450F-A65F-89C84FFB63A8}.Release|Any CPU.Build.0 = Release|Any CPU
		{F1C3C5F9-88CB-4F25-ABAE-38509A9A72FB}.Debug|Any CPU.ActiveCfg = Debug|Any CPU
		{F1C3C5F9-88CB-4F25-ABAE-38509A9A72FB}.Debug|Any CPU.Build.0 = Debug|Any CPU
		{F1C3C5F9-88CB-4F25-ABAE-38509A9A72FB}.Release|Any CPU.ActiveCfg = Release|Any CPU
		{F1C3C5F9-88CB-4F25-ABAE-38509A9A72FB}.Release|Any CPU.Build.0 = Release|Any CPU
		{BEDD6B71-3AA5-4586-94C6-E26610E96B5B}.Debug|Any CPU.ActiveCfg = Debug|Any CPU
		{BEDD6B71-3AA5-4586-94C6-E26610E96B5B}.Debug|Any CPU.Build.0 = Debug|Any CPU
		{BEDD6B71-3AA5-4586-94C6-E26610E96B5B}.Release|Any CPU.ActiveCfg = Release|Any CPU
		{BEDD6B71-3AA5-4586-94C6-E26610E96B5B}.Release|Any CPU.Build.0 = Release|Any CPU
		{4F2891ED-4540-4C0E-98F5-FB2EC1E426DC}.Debug|Any CPU.ActiveCfg = Debug|Any CPU
		{4F2891ED-4540-4C0E-98F5-FB2EC1E426DC}.Debug|Any CPU.Build.0 = Debug|Any CPU
		{4F2891ED-4540-4C0E-98F5-FB2EC1E426DC}.Release|Any CPU.ActiveCfg = Release|Any CPU
		{4F2891ED-4540-4C0E-98F5-FB2EC1E426DC}.Release|Any CPU.Build.0 = Release|Any CPU
		{6E951DA6-2D7F-4776-B645-0B6C4A4170AA}.Debug|Any CPU.ActiveCfg = Debug|Any CPU
		{6E951DA6-2D7F-4776-B645-0B6C4A4170AA}.Debug|Any CPU.Build.0 = Debug|Any CPU
		{6E951DA6-2D7F-4776-B645-0B6C4A4170AA}.Release|Any CPU.ActiveCfg = Release|Any CPU
		{6E951DA6-2D7F-4776-B645-0B6C4A4170AA}.Release|Any CPU.Build.0 = Release|Any CPU
		{D4E3B33A-3820-4BF6-B164-D9A56D5F86D4}.Debug|Any CPU.ActiveCfg = Debug|Any CPU
		{D4E3B33A-3820-4BF6-B164-D9A56D5F86D4}.Debug|Any CPU.Build.0 = Debug|Any CPU
		{D4E3B33A-3820-4BF6-B164-D9A56D5F86D4}.Release|Any CPU.ActiveCfg = Release|Any CPU
		{D4E3B33A-3820-4BF6-B164-D9A56D5F86D4}.Release|Any CPU.Build.0 = Release|Any CPU
		{1EB26C15-0654-405F-ACA3-DE47E8DDA0D4}.Debug|Any CPU.ActiveCfg = Debug|Any CPU
		{1EB26C15-0654-405F-ACA3-DE47E8DDA0D4}.Debug|Any CPU.Build.0 = Debug|Any CPU
		{1EB26C15-0654-405F-ACA3-DE47E8DDA0D4}.Release|Any CPU.ActiveCfg = Release|Any CPU
		{1EB26C15-0654-405F-ACA3-DE47E8DDA0D4}.Release|Any CPU.Build.0 = Release|Any CPU
	EndGlobalSection
	GlobalSection(SolutionProperties) = preSolution
		HideSolutionNode = FALSE
	EndGlobalSection
	GlobalSection(NestedProjects) = preSolution
		{F904C271-D8DC-46B5-9923-EF18D5D0538E} = {905E0F02-A2CC-4153-8C8E-2A206303BEF4}
		{95CBFF23-74C1-4010-9C59-57AAC5E0C5E7} = {905E0F02-A2CC-4153-8C8E-2A206303BEF4}
		{10D79A8A-0545-432A-9E06-3CCF2FDBCB4C} = {905E0F02-A2CC-4153-8C8E-2A206303BEF4}
		{7E4A0992-EDB9-4D00-9F25-78B4F1E8ADBB} = {905E0F02-A2CC-4153-8C8E-2A206303BEF4}
		{B05DDC8B-1705-4BDA-AB3D-D7EB1BF59F20} = {905E0F02-A2CC-4153-8C8E-2A206303BEF4}
		{0118BF32-71AC-4701-B797-86F2C9ECA385} = {015887DE-7006-4211-900D-8DC88679D65F}
		{C2CBBBB2-66B6-4D29-9C85-6B6A0A7CEAF0} = {015887DE-7006-4211-900D-8DC88679D65F}
		{6249495D-5DB1-4D5D-85CA-A7F3BEB17721} = {015887DE-7006-4211-900D-8DC88679D65F}
		{6DBED924-AD92-40DA-ABB4-97950A05A11C} = {015887DE-7006-4211-900D-8DC88679D65F}
		{A2798F2D-1823-44AE-B01C-5711B6137A48} = {015887DE-7006-4211-900D-8DC88679D65F}
		{7B2CA1A3-1380-4D87-9792-8BA5D7F3377C} = {F65CDADE-AFF1-4BD4-B937-21726A54C4D1}
		{DA337EA0-F747-4FF1-AA04-845AD99A3382} = {F65CDADE-AFF1-4BD4-B937-21726A54C4D1}
		{5E2715AB-57F1-450F-A65F-89C84FFB63A8} = {F65CDADE-AFF1-4BD4-B937-21726A54C4D1}
		{F1C3C5F9-88CB-4F25-ABAE-38509A9A72FB} = {F65CDADE-AFF1-4BD4-B937-21726A54C4D1}
		{BEDD6B71-3AA5-4586-94C6-E26610E96B5B} = {3BD1B66A-E17D-4DD2-B8EC-AAC7121F7C6A}
		{4F2891ED-4540-4C0E-98F5-FB2EC1E426DC} = {3BD1B66A-E17D-4DD2-B8EC-AAC7121F7C6A}
		{6E951DA6-2D7F-4776-B645-0B6C4A4170AA} = {3BD1B66A-E17D-4DD2-B8EC-AAC7121F7C6A}
		{D4E3B33A-3820-4BF6-B164-D9A56D5F86D4} = {3BD1B66A-E17D-4DD2-B8EC-AAC7121F7C6A}
		{1EB26C15-0654-405F-ACA3-DE47E8DDA0D4} = {27F64BD3-51E0-4431-A0A3-B85E9F8BF819}
	EndGlobalSection
	GlobalSection(ExtensibilityGlobals) = postSolution
		SolutionGuid = {C69D7C5B-2F1B-4492-9EE9-0ECF4466FCFA}
	EndGlobalSection
EndGlobal
